
Microsoft Visual Studio Solution File, Format Version 12.00
# Visual Studio 2013
VisualStudioVersion = 12.0.21005.1
MinimumVisualStudioVersion = 10.0.40219.1
Project("{FAE04EC0-301F-11D3-BF4B-00C04F79EFBC}") = "GameServer", "GameServer\GameServer.csproj", "{C2EFD3AE-08DD-4A7F-B8BE-A856E55B0B75}"
EndProject
Project("{FAE04EC0-301F-11D3-BF4B-00C04F79EFBC}") = "LibServer", "LibServer\LibServer.csproj", "{8CAC0213-40B6-4147-B71B-E56EC7D1853C}"
EndProject
Global
	GlobalSection(SolutionConfigurationPlatforms) = preSolution
		Debug|Any CPU = Debug|Any CPU
		Release|Any CPU = Release|Any CPU
	EndGlobalSection
	GlobalSection(ProjectConfigurationPlatforms) = postSolution
		{C2EFD3AE-08DD-4A7F-B8BE-A856E55B0B75}.Debug|Any CPU.ActiveCfg = Debug|Any CPU
		{C2EFD3AE-08DD-4A7F-B8BE-A856E55B0B75}.Debug|Any CPU.Build.0 = Debug|Any CPU
		{C2EFD3AE-08DD-4A7F-B8BE-A856E55B0B75}.Release|Any CPU.ActiveCfg = Release|Any CPU
		{C2EFD3AE-08DD-4A7F-B8BE-A856E55B0B75}.Release|Any CPU.Build.0 = Release|Any CPU
		{8CAC0213-40B6-4147-B71B-E56EC7D1853C}.Debug|Any CPU.ActiveCfg = Debug|Any CPU
		{8CAC0213-40B6-4147-B71B-E56EC7D1853C}.Debug|Any CPU.Build.0 = Debug|Any CPU
		{8CAC0213-40B6-4147-B71B-E56EC7D1853C}.Release|Any CPU.ActiveCfg = Release|Any CPU
		{8CAC0213-40B6-4147-B71B-E56EC7D1853C}.Release|Any CPU.Build.0 = Release|Any CPU
	EndGlobalSection
	GlobalSection(SolutionProperties) = preSolution
		HideSolutionNode = FALSE
	EndGlobalSection
EndGlobal
